
Microsoft Visual Studio Solution File, Format Version 12.00
# Visual Studio Version 17
VisualStudioVersion = 17.11.35312.102
MinimumVisualStudioVersion = 10.0.40219.1
Project("{8BC9CEB8-8B4A-11D0-8D11-00A0C91BC942}") = "Assigjnment3", "Assigjnment3\Assigjnment3.vcxproj", "{77DBDD1D-98D4-4393-B53B-EE0F61B62CBE}"
EndProject
Project("{8BC9CEB8-8B4A-11D0-8D11-00A0C91BC942}") = "UnitTest", "UnitTest\UnitTest.vcxproj", "{0F572687-C03A-434F-B092-7CF52285FED6}"
EndProject
Global
	GlobalSection(SolutionConfigurationPlatforms) = preSolution
		Debug|x64 = Debug|x64
		Debug|x86 = Debug|x86
		Release|x64 = Release|x64
		Release|x86 = Release|x86
	EndGlobalSection
	GlobalSection(ProjectConfigurationPlatforms) = postSolution
		{77DBDD1D-98D4-4393-B53B-EE0F61B62CBE}.Debug|x64.ActiveCfg = Debug|x64
		{77DBDD1D-98D4-4393-B53B-EE0F61B62CBE}.Debug|x64.Build.0 = Debug|x64
		{77DBDD1D-98D4-4393-B53B-EE0F61B62CBE}.Debug|x86.ActiveCfg = Debug|Win32
		{77DBDD1D-98D4-4393-B53B-EE0F61B62CBE}.Debug|x86.Build.0 = Debug|Win32
		{77DBDD1D-98D4-4393-B53B-EE0F61B62CBE}.Release|x64.ActiveCfg = Release|x64
		{77DBDD1D-98D4-4393-B53B-EE0F61B62CBE}.Release|x64.Build.0 = Release|x64
		{77DBDD1D-98D4-4393-B53B-EE0F61B62CBE}.Release|x86.ActiveCfg = Release|Win32
		{77DBDD1D-98D4-4393-B53B-EE0F61B62CBE}.Release|x86.Build.0 = Release|Win32
		{0F572687-C03A-434F-B092-7CF52285FED6}.Debug|x64.ActiveCfg = Debug|x64
		{0F572687-C03A-434F-B092-7CF52285FED6}.Debug|x64.Build.0 = Debug|x64
		{0F572687-C03A-434F-B092-7CF52285FED6}.Debug|x86.ActiveCfg = Debug|Win32
		{0F572687-C03A-434F-B092-7CF52285FED6}.Debug|x86.Build.0 = Debug|Win32
		{0F572687-C03A-434F-B092-7CF52285FED6}.Release|x64.ActiveCfg = Release|x64
		{0F572687-C03A-434F-B092-7CF52285FED6}.Release|x64.Build.0 = Release|x64
		{0F572687-C03A-434F-B092-7CF52285FED6}.Release|x86.ActiveCfg = Release|Win32
		{0F572687-C03A-434F-B092-7CF52285FED6}.Release|x86.Build.0 = Release|Win32
	EndGlobalSection
	GlobalSection(SolutionProperties) = preSolution
		HideSolutionNode = FALSE
	EndGlobalSection
	GlobalSection(ExtensibilityGlobals) = postSolution
		SolutionGuid = {5254E000-F08F-4FBC-B348-79009C4A174B}
	EndGlobalSection
EndGlobal
